
Microsoft Visual Studio Solution File, Format Version 12.00
# Visual Studio Version 17
VisualStudioVersion = 17.14.36811.4 d17.14
MinimumVisualStudioVersion = 10.0.40219.1
Project("{888888A0-9F3D-457C-B088-3A5042F75D52}") = "qa-automation-lab", "qa-automation-lab\qa-automation-lab.pyproj", "{0394BBBA-5AB9-465F-AB91-66654C6A9BAE}"
EndProject
Global
	GlobalSection(SolutionConfigurationPlatforms) = preSolution
		Debug|Any CPU = Debug|Any CPU
		Release|Any CPU = Release|Any CPU
	EndGlobalSection
	GlobalSection(ProjectConfigurationPlatforms) = postSolution
		{0394BBBA-5AB9-465F-AB91-66654C6A9BAE}.Debug|Any CPU.ActiveCfg = Debug|Any CPU
		{0394BBBA-5AB9-465F-AB91-66654C6A9BAE}.Release|Any CPU.ActiveCfg = Release|Any CPU
	EndGlobalSection
	GlobalSection(SolutionProperties) = preSolution
		HideSolutionNode = FALSE
	EndGlobalSection
	GlobalSection(ExtensibilityGlobals) = postSolution
		SolutionGuid = {A3A5297C-0DF5-424A-86B3-36E51BC07105}
	EndGlobalSection
EndGlobal
